
Microsoft Visual Studio Solution File, Format Version 12.00
# Visual Studio Version 17
VisualStudioVersion = 17.2.32526.322
MinimumVisualStudioVersion = 10.0.40219.1
Project("{54A90642-561A-4BB1-A94E-469ADEE60C69}") = "ordina.ui", "ordina.ui\Ordina.UI.esproj", "{6CA96F51-0F12-4171-A6F6-2A80166F03D0}"
EndProject
Project("{FAE04EC0-301F-11D3-BF4B-00C04F79EFBC}") = "ordina.api", "ordina.api\ordina.api.csproj", "{19C8C14A-5BEC-4DD8-A1AE-6CBCDC56235C}"
EndProject
Project("{FAE04EC0-301F-11D3-BF4B-00C04F79EFBC}") = "ordina.tests", "ordina.tests\ordina.tests.csproj", "{6004E1E4-AB5D-4F97-9F9F-1D8C8F10547B}"
EndProject
Global
	GlobalSection(SolutionConfigurationPlatforms) = preSolution
		Debug|Any CPU = Debug|Any CPU
		Release|Any CPU = Release|Any CPU
	EndGlobalSection
	GlobalSection(ProjectConfigurationPlatforms) = postSolution
		{6CA96F51-0F12-4171-A6F6-2A80166F03D0}.Debug|Any CPU.ActiveCfg = Debug|Any CPU
		{6CA96F51-0F12-4171-A6F6-2A80166F03D0}.Debug|Any CPU.Build.0 = Debug|Any CPU
		{6CA96F51-0F12-4171-A6F6-2A80166F03D0}.Debug|Any CPU.Deploy.0 = Debug|Any CPU
		{6CA96F51-0F12-4171-A6F6-2A80166F03D0}.Release|Any CPU.ActiveCfg = Release|Any CPU
		{6CA96F51-0F12-4171-A6F6-2A80166F03D0}.Release|Any CPU.Build.0 = Release|Any CPU
		{6CA96F51-0F12-4171-A6F6-2A80166F03D0}.Release|Any CPU.Deploy.0 = Release|Any CPU
		{19C8C14A-5BEC-4DD8-A1AE-6CBCDC56235C}.Debug|Any CPU.ActiveCfg = Debug|Any CPU
		{19C8C14A-5BEC-4DD8-A1AE-6CBCDC56235C}.Debug|Any CPU.Build.0 = Debug|Any CPU
		{19C8C14A-5BEC-4DD8-A1AE-6CBCDC56235C}.Release|Any CPU.ActiveCfg = Release|Any CPU
		{19C8C14A-5BEC-4DD8-A1AE-6CBCDC56235C}.Release|Any CPU.Build.0 = Release|Any CPU
		{6004E1E4-AB5D-4F97-9F9F-1D8C8F10547B}.Debug|Any CPU.ActiveCfg = Debug|Any CPU
		{6004E1E4-AB5D-4F97-9F9F-1D8C8F10547B}.Debug|Any CPU.Build.0 = Debug|Any CPU
		{6004E1E4-AB5D-4F97-9F9F-1D8C8F10547B}.Release|Any CPU.ActiveCfg = Release|Any CPU
		{6004E1E4-AB5D-4F97-9F9F-1D8C8F10547B}.Release|Any CPU.Build.0 = Release|Any CPU
	EndGlobalSection
	GlobalSection(SolutionProperties) = preSolution
		HideSolutionNode = FALSE
	EndGlobalSection
	GlobalSection(ExtensibilityGlobals) = postSolution
		SolutionGuid = {5DCE21CF-FBF0-46BC-A605-9169BCA457B2}
	EndGlobalSection
EndGlobal
